
Microsoft Visual Studio Solution File, Format Version 12.00
# Visual Studio Version 17
VisualStudioVersion = 17.8.34309.116
MinimumVisualStudioVersion = 10.0.40219.1
Project("{9A19103F-16F7-4668-BE54-9A1E7A4F7556}") = "CarRentalManagement.Server", "CarRentalManagement\Server\CarRentalManagement.Server.csproj", "{280EF516-27CE-4506-AEB1-C13D5ADAEB65}"
EndProject
Project("{9A19103F-16F7-4668-BE54-9A1E7A4F7556}") = "CarRentalManagement.Client", "CarRentalManagement\Client\CarRentalManagement.Client.csproj", "{8FEA119E-F649-45A9-BFB4-20E6FD0348C7}"
EndProject
Project("{9A19103F-16F7-4668-BE54-9A1E7A4F7556}") = "CarRentalManagement.Shared", "CarRentalManagement\Shared\CarRentalManagement.Shared.csproj", "{623304DD-E168-49FA-B356-67B4587197B6}"
EndProject
Global
	GlobalSection(SolutionConfigurationPlatforms) = preSolution
		Debug|Any CPU = Debug|Any CPU
		Release|Any CPU = Release|Any CPU
	EndGlobalSection
	GlobalSection(ProjectConfigurationPlatforms) = postSolution
		{280EF516-27CE-4506-AEB1-C13D5ADAEB65}.Debug|Any CPU.ActiveCfg = Debug|Any CPU
		{280EF516-27CE-4506-AEB1-C13D5ADAEB65}.Debug|Any CPU.Build.0 = Debug|Any CPU
		{280EF516-27CE-4506-AEB1-C13D5ADAEB65}.Release|Any CPU.ActiveCfg = Release|Any CPU
		{280EF516-27CE-4506-AEB1-C13D5ADAEB65}.Release|Any CPU.Build.0 = Release|Any CPU
		{8FEA119E-F649-45A9-BFB4-20E6FD0348C7}.Debug|Any CPU.ActiveCfg = Debug|Any CPU
		{8FEA119E-F649-45A9-BFB4-20E6FD0348C7}.Debug|Any CPU.Build.0 = Debug|Any CPU
		{8FEA119E-F649-45A9-BFB4-20E6FD0348C7}.Release|Any CPU.ActiveCfg = Release|Any CPU
		{8FEA119E-F649-45A9-BFB4-20E6FD0348C7}.Release|Any CPU.Build.0 = Release|Any CPU
		{623304DD-E168-49FA-B356-67B4587197B6}.Debug|Any CPU.ActiveCfg = Debug|Any CPU
		{623304DD-E168-49FA-B356-67B4587197B6}.Debug|Any CPU.Build.0 = Debug|Any CPU
		{623304DD-E168-49FA-B356-67B4587197B6}.Release|Any CPU.ActiveCfg = Release|Any CPU
		{623304DD-E168-49FA-B356-67B4587197B6}.Release|Any CPU.Build.0 = Release|Any CPU
	EndGlobalSection
	GlobalSection(SolutionProperties) = preSolution
		HideSolutionNode = FALSE
	EndGlobalSection
	GlobalSection(ExtensibilityGlobals) = postSolution
		SolutionGuid = {B4BD8175-92E0-4867-BB28-BD94455D32FB}
	EndGlobalSection
EndGlobal
